<?xml version="1.0" encoding="utf-8"?>
<Project ToolsVersion="4.0" xmlns="http://schemas.microsoft.com/developer/msbuild/2003">
  <ItemGroup>
    <Filter Include="GameEngineCore">
      <UniqueIdentifier>{FED6BDD0-EAA4-B1D6-D338-22FDBFA58D3B}</UniqueIdentifier>
    </Filter>
  </ItemGroup>
  <ItemGroup>
    <ClInclude Include="src\GameEngine.h" />
    <ClInclude Include="src\GameEngineCore\Application.h">
      <Filter>GameEngineCore</Filter>
    </ClInclude>
    <ClInclude Include="src\GameEngineCore\Core.h">
      <Filter>GameEngineCore</Filter>
    </ClInclude>
    <ClInclude Include="src\GameEngineCore\EntryPoint.h">
      <Filter>GameEngineCore</Filter>
    </ClInclude>
    <ClInclude Include="src\GameEngineCore\Log.h">
      <Filter>GameEngineCore</Filter>
    </ClInclude>
  </ItemGroup>
  <ItemGroup>
    <ClCompile Include="src\GameEngineCore\Application.cpp">
      <Filter>GameEngineCore</Filter>
    </ClCompile>
    <ClCompile Include="src\GameEngineCore\Log.cpp">
      <Filter>GameEngineCore</Filter>
    </ClCompile>
  </ItemGroup>
</Project>